
Microsoft Visual Studio Solution File, Format Version 12.00
# Visual Studio Version 16
VisualStudioVersion = 16.0.31320.298
MinimumVisualStudioVersion = 10.0.40219.1
Project("{FAE04EC0-301F-11D3-BF4B-00C04F79EFBC}") = "MultiPackPBOUtil", "MultiPackPBOUtil\MultiPackPBOUtil.csproj", "{7F822E76-074D-46B2-9DAC-1C87E7DD859B}"
EndProject
Global
	GlobalSection(SolutionConfigurationPlatforms) = preSolution
		Debug|Any CPU = Debug|Any CPU
		Release|Any CPU = Release|Any CPU
	EndGlobalSection
	GlobalSection(ProjectConfigurationPlatforms) = postSolution
		{7F822E76-074D-46B2-9DAC-1C87E7DD859B}.Debug|Any CPU.ActiveCfg = Debug|Any CPU
		{7F822E76-074D-46B2-9DAC-1C87E7DD859B}.Debug|Any CPU.Build.0 = Debug|Any CPU
		{7F822E76-074D-46B2-9DAC-1C87E7DD859B}.Release|Any CPU.ActiveCfg = Release|Any CPU
		{7F822E76-074D-46B2-9DAC-1C87E7DD859B}.Release|Any CPU.Build.0 = Release|Any CPU
	EndGlobalSection
	GlobalSection(SolutionProperties) = preSolution
		HideSolutionNode = FALSE
	EndGlobalSection
	GlobalSection(ExtensibilityGlobals) = postSolution
		SolutionGuid = {7168D25B-2BDB-48E5-B836-03320A3C097F}
	EndGlobalSection
EndGlobal
